Microsoft Visual Studio Solution File, Format Version 12.00
# Visual Studio Version 16
VisualStudioVersion = 16.0.0.0
MinimumVisualStudioVersion = 16.0.0.0
Project("{9A19103F-16F7-4668-BE54-9A1E7A4F7556}") = "Floo.Core", "src\Floo.Core\Floo.Core.csproj", "{6B1D1A08-10A0-47CE-879F-D77336AAE4B2}"
EndProject
Project("{9A19103F-16F7-4668-BE54-9A1E7A4F7556}") = "Floo.App.Server", "src\Floo.App.Server\Floo.App.Server.csproj", "{DCE3F281-EC24-4DB0-B8DB-477ACD7DAFC1}"
EndProject
Project("{9A19103F-16F7-4668-BE54-9A1E7A4F7556}") = "Floo.App.Web", "src\Floo.App.Web\Floo.App.Web.csproj", "{E2421A47-1018-4726-A4A5-B3C55C40171B}"
EndProject
Project("{9A19103F-16F7-4668-BE54-9A1E7A4F7556}") = "Floo.Core.Shared", "src\Floo.Core.Shared\Floo.Core.Shared.csproj", "{6404F733-5A4C-44EA-98FB-E71521B66ACF}"
EndProject
Project("{9A19103F-16F7-4668-BE54-9A1E7A4F7556}") = "Floo.Infrastructure", "src\Floo.Infrastructure\Floo.Infrastructure.csproj", "{A46142EA-A141-4791-8D88-4FFD9208E991}"
EndProject
Project("{2150E333-8FDC-42A3-9474-1A3956D46DE8}") = "src", "src", "{0A00BD02-F383-4EAC-91C5-76EC09B08868}"
EndProject
Project("{2150E333-8FDC-42A3-9474-1A3956D46DE8}") = "core", "core", "{FCF35B08-16A1-4EF2-891C-3071694BB405}"
EndProject
Project("{9A19103F-16F7-4668-BE54-9A1E7A4F7556}") = "Floo.App.Shared", "src\Floo.App.Shared\Floo.App.Shared.csproj", "{BC9586F8-DA18-4EE4-AE3A-251069070A5F}"
EndProject
Project("{2150E333-8FDC-42A3-9474-1A3956D46DE8}") = "Solution Items", "Solution Items", "{571D9C9F-D1B7-44FC-B5E0-E065BA38C345}"
	ProjectSection(SolutionItems) = preProject
		README.md = README.md
	EndProjectSection
EndProject
Global
	GlobalSection(SolutionConfigurationPlatforms) = preSolution
		Debug|Any CPU = Debug|Any CPU
		Debug|x64 = Debug|x64
		Debug|x86 = Debug|x86
		Release|Any CPU = Release|Any CPU
		Release|x64 = Release|x64
		Release|x86 = Release|x86
	EndGlobalSection
	GlobalSection(ProjectConfigurationPlatforms) = postSolution
		{6B1D1A08-10A0-47CE-879F-D77336AAE4B2}.Debug|Any CPU.ActiveCfg = Debug|Any CPU
		{6B1D1A08-10A0-47CE-879F-D77336AAE4B2}.Debug|Any CPU.Build.0 = Debug|Any CPU
		{6B1D1A08-10A0-47CE-879F-D77336AAE4B2}.Debug|x64.ActiveCfg = Debug|Any CPU
		{6B1D1A08-10A0-47CE-879F-D77336AAE4B2}.Debug|x64.Build.0 = Debug|Any CPU
		{6B1D1A08-10A0-47CE-879F-D77336AAE4B2}.Debug|x86.ActiveCfg = Debug|Any CPU
		{6B1D1A08-10A0-47CE-879F-D77336AAE4B2}.Debug|x86.Build.0 = Debug|Any CPU
		{6B1D1A08-10A0-47CE-879F-D77336AAE4B2}.Release|Any CPU.ActiveCfg = Release|Any CPU
		{6B1D1A08-10A0-47CE-879F-D77336AAE4B2}.Release|Any CPU.Build.0 = Release|Any CPU
		{6B1D1A08-10A0-47CE-879F-D77336AAE4B2}.Release|x64.ActiveCfg = Release|Any CPU
		{6B1D1A08-10A0-47CE-879F-D77336AAE4B2}.Release|x64.Build.0 = Release|Any CPU
		{6B1D1A08-10A0-47CE-879F-D77336AAE4B2}.Release|x86.ActiveCfg = Release|Any CPU
		{6B1D1A08-10A0-47CE-879F-D77336AAE4B2}.Release|x86.Build.0 = Release|Any CPU
		{DCE3F281-EC24-4DB0-B8DB-477ACD7DAFC1}.Debug|Any CPU.ActiveCfg = Debug|Any CPU
		{DCE3F281-EC24-4DB0-B8DB-477ACD7DAFC1}.Debug|Any CPU.Build.0 = Debug|Any CPU
		{DCE3F281-EC24-4DB0-B8DB-477ACD7DAFC1}.Debug|x64.ActiveCfg = Debug|Any CPU
		{DCE3F281-EC24-4DB0-B8DB-477ACD7DAFC1}.Debug|x64.Build.0 = Debug|Any CPU
		{DCE3F281-EC24-4DB0-B8DB-477ACD7DAFC1}.Debug|x86.ActiveCfg = Debug|Any CPU
		{DCE3F281-EC24-4DB0-B8DB-477ACD7DAFC1}.Debug|x86.Build.0 = Debug|Any CPU
		{DCE3F281-EC24-4DB0-B8DB-477ACD7DAFC1}.Release|Any CPU.ActiveCfg = Release|Any CPU
		{DCE3F281-EC24-4DB0-B8DB-477ACD7DAFC1}.Release|Any CPU.Build.0 = Release|Any CPU
		{DCE3F281-EC24-4DB0-B8DB-477ACD7DAFC1}.Release|x64.ActiveCfg = Release|Any CPU
		{DCE3F281-EC24-4DB0-B8DB-477ACD7DAFC1}.Release|x64.Build.0 = Release|Any CPU
		{DCE3F281-EC24-4DB0-B8DB-477ACD7DAFC1}.Release|x86.ActiveCfg = Release|Any CPU
		{DCE3F281-EC24-4DB0-B8DB-477ACD7DAFC1}.Release|x86.Build.0 = Release|Any CPU
		{E2421A47-1018-4726-A4A5-B3C55C40171B}.Debug|Any CPU.ActiveCfg = Debug|Any CPU
		{E2421A47-1018-4726-A4A5-B3C55C40171B}.Debug|Any CPU.Build.0 = Debug|Any CPU
		{E2421A47-1018-4726-A4A5-B3C55C40171B}.Debug|x64.ActiveCfg = Debug|Any CPU
		{E2421A47-1018-4726-A4A5-B3C55C40171B}.Debug|x64.Build.0 = Debug|Any CPU
		{E2421A47-1018-4726-A4A5-B3C55C40171B}.Debug|x86.ActiveCfg = Debug|Any CPU
		{E2421A47-1018-4726-A4A5-B3C55C40171B}.Debug|x86.Build.0 = Debug|Any CPU
		{E2421A47-1018-4726-A4A5-B3C55C40171B}.Release|Any CPU.ActiveCfg = Release|Any CPU
		{E2421A47-1018-4726-A4A5-B3C55C40171B}.Release|Any CPU.Build.0 = Release|Any CPU
		{E2421A47-1018-4726-A4A5-B3C55C40171B}.Release|x64.ActiveCfg = Release|Any CPU
		{E2421A47-1018-4726-A4A5-B3C55C40171B}.Release|x64.Build.0 = Release|Any CPU
		{E2421A47-1018-4726-A4A5-B3C55C40171B}.Release|x86.ActiveCfg = Release|Any CPU
		{E2421A47-1018-4726-A4A5-B3C55C40171B}.Release|x86.Build.0 = Release|Any CPU
		{6404F733-5A4C-44EA-98FB-E71521B66ACF}.Debug|Any CPU.ActiveCfg = Debug|Any CPU
		{6404F733-5A4C-44EA-98FB-E71521B66ACF}.Debug|Any CPU.Build.0 = Debug|Any CPU
		{6404F733-5A4C-44EA-98FB-E71521B66ACF}.Debug|x64.ActiveCfg = Debug|Any CPU
		{6404F733-5A4C-44EA-98FB-E71521B66ACF}.Debug|x64.Build.0 = Debug|Any CPU
		{6404F733-5A4C-44EA-98FB-E71521B66ACF}.Debug|x86.ActiveCfg = Debug|Any CPU
		{6404F733-5A4C-44EA-98FB-E71521B66ACF}.Debug|x86.Build.0 = Debug|Any CPU
		{6404F733-5A4C-44EA-98FB-E71521B66ACF}.Release|Any CPU.ActiveCfg = Release|Any CPU
		{6404F733-5A4C-44EA-98FB-E71521B66ACF}.Release|Any CPU.Build.0 = Release|Any CPU
		{6404F733-5A4C-44EA-98FB-E71521B66ACF}.Release|x64.ActiveCfg = Release|Any CPU
		{6404F733-5A4C-44EA-98FB-E71521B66ACF}.Release|x64.Build.0 = Release|Any CPU
		{6404F733-5A4C-44EA-98FB-E71521B66ACF}.Release|x86.ActiveCfg = Release|Any CPU
		{6404F733-5A4C-44EA-98FB-E71521B66ACF}.Release|x86.Build.0 = Release|Any CPU
		{A46142EA-A141-4791-8D88-4FFD9208E991}.Debug|Any CPU.ActiveCfg = Debug|Any CPU
		{A46142EA-A141-4791-8D88-4FFD9208E991}.Debug|Any CPU.Build.0 = Debug|Any CPU
		{A46142EA-A141-4791-8D88-4FFD9208E991}.Debug|x64.ActiveCfg = Debug|Any CPU
		{A46142EA-A141-4791-8D88-4FFD9208E991}.Debug|x64.Build.0 = Debug|Any CPU
		{A46142EA-A141-4791-8D88-4FFD9208E991}.Debug|x86.ActiveCfg = Debug|Any CPU
		{A46142EA-A141-4791-8D88-4FFD9208E991}.Debug|x86.Build.0 = Debug|Any CPU
		{A46142EA-A141-4791-8D88-4FFD9208E991}.Release|Any CPU.ActiveCfg = Release|Any CPU
		{A46142EA-A141-4791-8D88-4FFD9208E991}.Release|Any CPU.Build.0 = Release|Any CPU
		{A46142EA-A141-4791-8D88-4FFD9208E991}.Release|x64.ActiveCfg = Release|Any CPU
		{A46142EA-A141-4791-8D88-4FFD9208E991}.Release|x64.Build.0 = Release|Any CPU
		{A46142EA-A141-4791-8D88-4FFD9208E991}.Release|x86.ActiveCfg = Release|Any CPU
		{A46142EA-A141-4791-8D88-4FFD9208E991}.Release|x86.Build.0 = Release|Any CPU
		{BC9586F8-DA18-4EE4-AE3A-251069070A5F}.Debug|Any CPU.ActiveCfg = Debug|Any CPU
		{BC9586F8-DA18-4EE4-AE3A-251069070A5F}.Debug|Any CPU.Build.0 = Debug|Any CPU
		{BC9586F8-DA18-4EE4-AE3A-251069070A5F}.Debug|x64.ActiveCfg = Debug|Any CPU
		{BC9586F8-DA18-4EE4-AE3A-251069070A5F}.Debug|x64.Build.0 = Debug|Any CPU
		{BC9586F8-DA18-4EE4-AE3A-251069070A5F}.Debug|x86.ActiveCfg = Debug|Any CPU
		{BC9586F8-DA18-4EE4-AE3A-251069070A5F}.Debug|x86.Build.0 = Debug|Any CPU
		{BC9586F8-DA18-4EE4-AE3A-251069070A5F}.Release|Any CPU.ActiveCfg = Release|Any CPU
		{BC9586F8-DA18-4EE4-AE3A-251069070A5F}.Release|Any CPU.Build.0 = Release|Any CPU
		{BC9586F8-DA18-4EE4-AE3A-251069070A5F}.Release|x64.ActiveCfg = Release|Any CPU
		{BC9586F8-DA18-4EE4-AE3A-251069070A5F}.Release|x64.Build.0 = Release|Any CPU
		{BC9586F8-DA18-4EE4-AE3A-251069070A5F}.Release|x86.ActiveCfg = Release|Any CPU
		{BC9586F8-DA18-4EE4-AE3A-251069070A5F}.Release|x86.Build.0 = Release|Any CPU
	EndGlobalSection
	GlobalSection(SolutionProperties) = preSolution
		HideSolutionNode = FALSE
	EndGlobalSection
	GlobalSection(NestedProjects) = preSolution
		{6B1D1A08-10A0-47CE-879F-D77336AAE4B2} = {FCF35B08-16A1-4EF2-891C-3071694BB405}
		{DCE3F281-EC24-4DB0-B8DB-477ACD7DAFC1} = {0A00BD02-F383-4EAC-91C5-76EC09B08868}
		{E2421A47-1018-4726-A4A5-B3C55C40171B} = {0A00BD02-F383-4EAC-91C5-76EC09B08868}
		{6404F733-5A4C-44EA-98FB-E71521B66ACF} = {FCF35B08-16A1-4EF2-891C-3071694BB405}
		{A46142EA-A141-4791-8D88-4FFD9208E991} = {FCF35B08-16A1-4EF2-891C-3071694BB405}
		{FCF35B08-16A1-4EF2-891C-3071694BB405} = {0A00BD02-F383-4EAC-91C5-76EC09B08868}
		{BC9586F8-DA18-4EE4-AE3A-251069070A5F} = {FCF35B08-16A1-4EF2-891C-3071694BB405}
	EndGlobalSection
	GlobalSection(ExtensibilityGlobals) = postSolution
		SolutionGuid = {4D54E914-1881-4113-8B82-D8BD28B977C7}
	EndGlobalSection
EndGlobal
